// !$*UTF8*$!
{
	archiveVersion = 1;
	classes = {
	};
	objectVersion = 46;
	objects = {

/* Begin PBXBuildFile section */
		91CE7A6214CDF61F00EF6661 /* Cocoa.framework in Frameworks */ = {isa = PBXBuildFile; fileRef = 91CE7A6114CDF61F00EF6661 /* Cocoa.framework */; };
		91CE7A6C14CDF61F00EF6661 /* InfoPlist.strings in Resources */ = {isa = PBXBuildFile; fileRef = 91CE7A6A14CDF61F00EF6661 /* InfoPlist.strings */; };
		91CE7A6E14CDF61F00EF6661 /* main.m in Sources */ = {isa = PBXBuildFile; fileRef = 91CE7A6D14CDF61F00EF6661 /* main.m */; };
		91CE7A7214CDF61F00EF6661 /* Credits.rtf in Resources */ = {isa = PBXBuildFile; fileRef = 91CE7A7014CDF61F00EF6661 /* Credits.rtf */; };
		91CE7A7514CDF62000EF6661 /* iRenameAppDelegate.m in Sources */ = {isa = PBXBuildFile; fileRef = 91CE7A7414CDF62000EF6661 /* iRenameAppDelegate.m */; };
		91CE7A7814CDF62000EF6661 /* MainMenu.xib in Resources */ = {isa = PBXBuildFile; fileRef = 91CE7A7614CDF62000EF6661 /* MainMenu.xib */; };
/* End PBXBuildFile section */

/* Begin PBXFileReference section */
		91CE7A5D14CDF61F00EF6661 /* iRename.app */ = {isa = PBXFileReference; explicitFileType = wrapper.application; includeInIndex = 0; path = iRename.app; sourceTree = BUILT_PRODUCTS_DIR; };
		91CE7A6114CDF61F00EF6661 /* Cocoa.framework */ = {isa = PBXFileReference; lastKnownFileType = wrapper.framework; name = Cocoa.framework; path = System/Library/Frameworks/Cocoa.framework; sourceTree = SDKROOT; };
		91CE7A6414CDF61F00EF6661 /* AppKit.framework */ = {isa = PBXFileReference; lastKnownFileType = wrapper.framework; name = AppKit.framework; path = System/Library/Frameworks/AppKit.framework; sourceTree = SDKROOT; };
		91CE7A6514CDF61F00EF6661 /* CoreData.framework */ = {isa = PBXFileReference; lastKnownFileType = wrapper.framework; name = CoreData.framework; path = System/Library/Frameworks/CoreData.framework; sourceTree = SDKROOT; };
		91CE7A6614CDF61F00EF6661 /* Foundation.framework */ = {isa = PBXFileReference; lastKnownFileType = wrapper.framework; name = Foundation.framework; path = System/Library/Frameworks/Foundation.framework; sourceTree = SDKROOT; };
		91CE7A6914CDF61F00EF6661 /* iRename-Info.plist */ = {isa = PBXFileReference; path = "iRename-Info.plist"; sourceTree = "<group>"; };
		91CE7A6B14CDF61F00EF6661 /* en */ = {isa = PBXFileReference; lastKnownFileType = text.plist.strings; name = en; path = en.lproj/InfoPlist.strings; sourceTree = "<group>"; };
		91CE7A6D14CDF61F00EF6661 /* main.m */ = {isa = PBXFileReference; lastKnownFileType = sourcecode.c.objc; path = main.m; sourceTree = "<group>"; };
		91CE7A6F14CDF61F00EF6661 /* iRename-Prefix.pch */ = {isa = PBXFileReference; path = "iRename-Prefix.pch"; sourceTree = "<group>"; };
		91CE7A7114CDF61F00EF6661 /* en */ = {isa = PBXFileReference; lastKnownFileType = text.rtf; name = en; path = en.lproj/Credits.rtf; sourceTree = "<group>"; };
		91CE7A7314CDF62000EF6661 /* iRenameAppDelegate.h */ = {isa = PBXFileReference; path = iRenameAppDelegate.h; sourceTree = "<group>"; };
		91CE7A7414CDF62000EF6661 /* iRenameAppDelegate.m */ = {isa = PBXFileReference; lastKnownFileType = sourcecode.c.objc; path = iRenameAppDelegate.m; sourceTree = "<group>"; };
		91CE7A7714CDF62000EF6661 /* en */ = {isa = PBXFileReference; lastKnownFileType = file.xib; name = en; path = en.lproj/MainMenu.xib; sourceTree = "<group>"; };
/* End PBXFileReference section */

/* Begin PBXFrameworksBuildPhase section */
		91CE7A5A14CDF61F00EF6661 /* Frameworks */ = {
			isa = PBXFrameworksBuildPhase;
			buildActionMask = 2147483647;
			files = (
				91CE7A6214CDF61F00EF6661 /* Cocoa.framework in Frameworks */,
			);
			runOnlyForDeploymentPostprocessing = 0;
		};
/* End PBXFrameworksBuildPhase section */

/* Begin PBXGroup section */
		91CE7A5214CDF61F00EF6661 = {
			isa = PBXGroup;
			children = (
				91CE7A6714CDF61F00EF6661 /* iRename */,
				91CE7A6014CDF61F00EF6661 /* Frameworks */,
				91CE7A5E14CDF61F00EF6661 /* Products */,
			);
			sourceTree = "<group>";
		};
		91CE7A5E14CDF61F00EF6661 /* Products */ = {
			isa = PBXGroup;
			children = (
				91CE7A5D14CDF61F00EF6661 /* iRename.app */,
			);
			name = Products;
			sourceTree = "<group>";
		};
		91CE7A6014CDF61F00EF6661 /* Frameworks */ = {
			isa = PBXGroup;
			children = (
				91CE7A6114CDF61F00EF6661 /* Cocoa.framework */,
				91CE7A6314CDF61F00EF6661 /* Other Frameworks */,
			);
			name = Frameworks;
			sourceTree = "<group>";
		};
		91CE7A6314CDF61F00EF6661 /* Other Frameworks */ = {
			isa = PBXGroup;
			children = (
				91CE7A6414CDF61F00EF6661 /* AppKit.framework */,
				91CE7A6514CDF61F00EF6661 /* CoreData.framework */,
				91CE7A6614CDF61F00EF6661 /* Foundation.framework */,
			);
			name = "Other Frameworks";
			sourceTree = "<group>";
		};
		91CE7A6714CDF61F00EF6661 /* iRename */ = {
			isa = PBXGroup;
			children = (
				91CE7A7314CDF62000EF6661 /* iRenameAppDelegate.h */,
				91CE7A7414CDF62000EF6661 /* iRenameAppDelegate.m */,
				91CE7A7614CDF62000EF6661 /* MainMenu.xib */,
				91CE7A6814CDF61F00EF6661 /* Supporting Files */,
			);
			path = iRename;
			sourceTree = "<group>";
		};
		91CE7A6814CDF61F00EF6661 /* Supporting Files */ = {
			isa = PBXGroup;
			children = (
				91CE7A6914CDF61F00EF6661 /* iRename-Info.plist */,
				91CE7A6A14CDF61F00EF6661 /* InfoPlist.strings */,
				91CE7A6D14CDF61F00EF6661 /* main.m */,
				91CE7A6F14CDF61F00EF6661 /* iRename-Prefix.pch */,
				91CE7A7014CDF61F00EF6661 /* Credits.rtf */,
			);
			name = "Supporting Files";
			sourceTree = "<group>";
		};
/* End PBXGroup section */

/* Begin PBXNativeTarget section */
		91CE7A5C14CDF61F00EF6661 /* iRename */ = {
			isa = PBXNativeTarget;
			buildConfigurationList = 91CE7A7B14CDF62000EF6661 /* Build configuration list for PBXNativeTarget "iRename" */;
			buildPhases = (
				91CE7A5914CDF61F00EF6661 /* Sources */,
				91CE7A5A14CDF61F00EF6661 /* Frameworks */,
				91CE7A5B14CDF61F00EF6661 /* Resources */,
			);
			buildRules = (
			);
			dependencies = (
			);
			name = iRename;
			productName = iRename;
			productReference = 91CE7A5D14CDF61F00EF6661 /* iRename.app */;
			productType = "com.apple.product-type.application";
		};
/* End PBXNativeTarget section */

/* Begin PBXProject section */
		91CE7A5414CDF61F00EF6661 /* Project object */ = {
			isa = PBXProject;
			attributes = {
				LastUpgradeCheck = 0420;
			};
			buildConfigurationList = 91CE7A5714CDF61F00EF6661 /* Build configuration list for PBXProject "iRename" */;
			compatibilityVersion = "Xcode 3.2";
			developmentRegion = English;
			hasScannedForEncodings = 0;
			knownRegions = (
				en,
			);
			mainGroup = 91CE7A5214CDF61F00EF6661;
			productRefGroup = 91CE7A5E14CDF61F00EF6661 /* Products */;
			projectDirPath = "";
			projectRoot = "";
			targets = (
				91CE7A5C14CDF61F00EF6661 /* iRename */,
			);
		};
/* End PBXProject section */

/* Begin PBXResourcesBuildPhase section */
		91CE7A5B14CDF61F00EF6661 /* Resources */ = {
			isa = PBXResourcesBuildPhase;
			buildActionMask = 2147483647;
			files = (
				91CE7A6C14CDF61F00EF6661 /* InfoPlist.strings in Resources */,
				91CE7A7214CDF61F00EF6661 /* Credits.rtf in Resources */,
				91CE7A7814CDF62000EF6661 /* MainMenu.xib in Resources */,
			);
			runOnlyForDeploymentPostprocessing = 0;
		};
/* End PBXResourcesBuildPhase section */

/* Begin PBXSourcesBuildPhase section */
		91CE7A5914CDF61F00EF6661 /* Sources */ = {
			isa = PBXSourcesBuildPhase;
			buildActionMask = 2147483647;
			files = (
				91CE7A6E14CDF61F00EF6661 /* main.m in Sources */,
				91CE7A7514CDF62000EF6661 /* iRenameAppDelegate.m in Sources */,
			);
			runOnlyForDeploymentPostprocessing = 0;
		};
/* End PBXSourcesBuildPhase section */

/* Begin PBXVariantGroup section */
		91CE7A6A14CDF61F00EF6661 /* InfoPlist.strings */ = {
			isa = PBXVariantGroup;
			children = (
				91CE7A6B14CDF61F00EF6661 /* en */,
			);
			name = InfoPlist.strings;
			sourceTree = "<group>";
		};
		91CE7A7014CDF61F00EF6661 /* Credits.rtf */ = {
			isa = PBXVariantGroup;
			children = (
				91CE7A7114CDF61F00EF6661 /* en */,
			);
			name = Credits.rtf;
			sourceTree = "<group>";
		};
		91CE7A7614CDF62000EF6661 /* MainMenu.xib */ = {
			isa = PBXVariantGroup;
			children = (
				91CE7A7714CDF62000EF6661 /* en */,
			);
			name = MainMenu.xib;
			sourceTree = "<group>";
		};
/* End PBXVariantGroup section */

/* Begin XCBuildConfiguration section */
		91CE7A7914CDF62000EF6661 /* Debug */ = {
			isa = XCBuildConfiguration;
			buildSettings = {
				ALWAYS_SEARCH_USER_PATHS = NO;
				ARCHS = "$(ARCHS_STANDARD_64_BIT)";
				CLANG_ENABLE_OBJC_ARC = YES;
				COPY_PHASE_STRIP = NO;
				GCC_C_LANGUAGE_STANDARD = gnu99;
				GCC_DYNAMIC_NO_PIC = NO;
				GCC_ENABLE_OBJC_EXCEPTIONS = YES;
				GCC_OPTIMIZATION_LEVEL = 0;
				GCC_PREPROCESSOR_DEFINITIONS = (
					"DEBUG=1",
					"$(inherited)",
				);
				GCC_SYMBOLS_PRIVATE_EXTERN = NO;
				GCC_VERSION = com.apple.compilers.llvm.clang.1_0;
				GCC_WARN_64_TO_32_BIT_CONVERSION = YES;
				GCC_WARN_ABOUT_MISSING_PROTOTYPES = YES;
				GCC_WARN_ABOUT_RETURN_TYPE = YES;
				GCC_WARN_UNUSED_VARIABLE = YES;
				MACOSX_DEPLOYMENT_TARGET = 10.7;
				ONLY_ACTIVE_ARCH = YES;
				SDKROOT = macosx;
			};
			name = Debug;
		};
		91CE7A7A14CDF62000EF6661 /* Release */ = {
			isa = XCBuildConfiguration;
			buildSettings = {
				ALWAYS_SEARCH_USER_PATHS = NO;
				ARCHS = "$(ARCHS_STANDARD_64_BIT)";
				CLANG_ENABLE_OBJC_ARC = YES;
				COPY_PHASE_STRIP = YES;
				DEBUG_INFORMATION_FORMAT = "dwarf-with-dsym";
				GCC_C_LANGUAGE_STANDARD = gnu99;
				GCC_ENABLE_OBJC_EXCEPTIONS = YES;
				GCC_VERSION = com.apple.compilers.llvm.clang.1_0;
				GCC_WARN_64_TO_32_BIT_CONVERSION = YES;
				GCC_WARN_ABOUT_MISSING_PROTOTYPES = YES;
				GCC_WARN_ABOUT_RETURN_TYPE = YES;
				GCC_WARN_UNUSED_VARIABLE = YES;
				MACOSX_DEPLOYMENT_TARGET = 10.7;
				SDKROOT = macosx;
			};
			name = Release;
		};
		91CE7A7C14CDF62000EF6661 /* Debug */ = {
			isa = XCBuildConfiguration;
			buildSettings = {
				GCC_PRECOMPILE_PREFIX_HEADER = YES;
				GCC_PREFIX_HEADER = "iRename/iRename-Prefix.pch";
				INFOPLIST_FILE = "iRename/iRename-Info.plist";
				PRODUCT_NAME = "$(TARGET_NAME)";
				WRAPPER_EXTENSION = app;
			};
			name = Debug;
		};
		91CE7A7D14CDF62000EF6661 /* Release */ = {
			isa = XCBuildConfiguration;
			buildSettings = {
				GCC_PRECOMPILE_PREFIX_HEADER = YES;
				GCC_PREFIX_HEADER = "iRename/iRename-Prefix.pch";
				INFOPLIST_FILE = "iRename/iRename-Info.plist";
				PRODUCT_NAME = "$(TARGET_NAME)";
				WRAPPER_EXTENSION = app;
			};
			name = Release;
		};
/* End XCBuildConfiguration section */

/* Begin XCConfigurationList section */
		91CE7A5714CDF61F00EF6661 /* Build configuration list for PBXProject "iRename" */ = {
			isa = XCConfigurationList;
			buildConfigurations = (
				91CE7A7914CDF62000EF6661 /* Debug */,
				91CE7A7A14CDF62000EF6661 /* Release */,
			);
			defaultConfigurationIsVisible = 0;
			defaultConfigurationName = Release;
		};
		91CE7A7B14CDF62000EF6661 /* Build configuration list for PBXNativeTarget "iRename" */ = {
			isa = XCConfigurationList;
			buildConfigurations = (
				91CE7A7C14CDF62000EF6661 /* Debug */,
				91CE7A7D14CDF62000EF6661 /* Release */,
			);
			defaultConfigurationIsVisible = 0;
		};
/* End XCConfigurationList section */
	};
	rootObject = 91CE7A5414CDF61F00EF6661 /* Project object */;
}
