// !$*UTF8*$!
{
	archiveVersion = 1;
	classes = {
	};
	objectVersion = 46;
	objects = {

/* Begin PBXBuildFile section */
		913007CE14D497030096658F /* ErrorAggregator.m in Sources */ = {isa = PBXBuildFile; fileRef = 913007CD14D497030096658F /* ErrorAggregator.m */; };
		913007D214D5734D0096658F /* RegexReplace.m in Sources */ = {isa = PBXBuildFile; fileRef = 913007D114D5734D0096658F /* RegexReplace.m */; };
		913007D414D5735C0096658F /* RegexReplace.xib in Resources */ = {isa = PBXBuildFile; fileRef = 913007D314D5735C0096658F /* RegexReplace.xib */; };
		913007D514D5741E0096658F /* Foundation.framework in Frameworks */ = {isa = PBXBuildFile; fileRef = 91CE7A6614CDF61F00EF6661 /* Foundation.framework */; };
		913B69B014CF5C0C00B6BA58 /* FileRename.m in Sources */ = {isa = PBXBuildFile; fileRef = 913B69AF14CF5C0C00B6BA58 /* FileRename.m */; };
		91668C4014D0BAD2008CF204 /* AppController.m in Sources */ = {isa = PBXBuildFile; fileRef = 91668C3F14D0BAD2008CF204 /* AppController.m */; };
		91A6C0DE14DDE5C90026817D /* README.md in Resources */ = {isa = PBXBuildFile; fileRef = 91A6C0DD14DDE5C90026817D /* README.md */; };
		91CE7A6214CDF61F00EF6661 /* Cocoa.framework in Frameworks */ = {isa = PBXBuildFile; fileRef = 91CE7A6114CDF61F00EF6661 /* Cocoa.framework */; };
		91CE7A6C14CDF61F00EF6661 /* InfoPlist.strings in Resources */ = {isa = PBXBuildFile; fileRef = 91CE7A6A14CDF61F00EF6661 /* InfoPlist.strings */; };
		91CE7A6E14CDF61F00EF6661 /* main.m in Sources */ = {isa = PBXBuildFile; fileRef = 91CE7A6D14CDF61F00EF6661 /* main.m */; };
		91CE7A7514CDF62000EF6661 /* iRenameAppDelegate.m in Sources */ = {isa = PBXBuildFile; fileRef = 91CE7A7414CDF62000EF6661 /* iRenameAppDelegate.m */; };
		91CE7A7814CDF62000EF6661 /* MainMenu.xib in Resources */ = {isa = PBXBuildFile; fileRef = 91CE7A7614CDF62000EF6661 /* MainMenu.xib */; };
		91D8BA4614D8A0D20073F6BF /* LICENSE.txt in Resources */ = {isa = PBXBuildFile; fileRef = 91D8BA4514D8A0D20073F6BF /* LICENSE.txt */; };
		91D8BA4B14D9EF140073F6BF /* iRename.icns in Resources */ = {isa = PBXBuildFile; fileRef = 91D8BA4A14D9EF140073F6BF /* iRename.icns */; };
		91DEC0D914D466FB00C845D3 /* RenameViewController.m in Sources */ = {isa = PBXBuildFile; fileRef = 91DEC0D714D466FB00C845D3 /* RenameViewController.m */; };
		91DEC0DA14D466FB00C845D3 /* RenameViewController.xib in Resources */ = {isa = PBXBuildFile; fileRef = 91DEC0D814D466FB00C845D3 /* RenameViewController.xib */; };
		91DEC0DE14D46ABC00C845D3 /* Replace.m in Sources */ = {isa = PBXBuildFile; fileRef = 91DEC0DD14D46ABC00C845D3 /* Replace.m */; };
		91DEC0E014D46B2700C845D3 /* Replace.xib in Resources */ = {isa = PBXBuildFile; fileRef = 91DEC0DF14D46B2700C845D3 /* Replace.xib */; };
/* End PBXBuildFile section */

/* Begin PBXFileReference section */
		913007CC14D497030096658F /* ErrorAggregator.h */ = {isa = PBXFileReference; fileEncoding = 4; lastKnownFileType = sourcecode.c.h; path = ErrorAggregator.h; sourceTree = "<group>"; };
		913007CD14D497030096658F /* ErrorAggregator.m */ = {isa = PBXFileReference; fileEncoding = 4; lastKnownFileType = sourcecode.c.objc; path = ErrorAggregator.m; sourceTree = "<group>"; };
		913007D014D5734D0096658F /* RegexReplace.h */ = {isa = PBXFileReference; fileEncoding = 4; lastKnownFileType = sourcecode.c.h; path = RegexReplace.h; sourceTree = "<group>"; };
		913007D114D5734D0096658F /* RegexReplace.m */ = {isa = PBXFileReference; fileEncoding = 4; lastKnownFileType = sourcecode.c.objc; path = RegexReplace.m; sourceTree = "<group>"; };
		913007D314D5735C0096658F /* RegexReplace.xib */ = {isa = PBXFileReference; fileEncoding = 4; lastKnownFileType = file.xib; path = RegexReplace.xib; sourceTree = "<group>"; };
		913B69AE14CF5C0C00B6BA58 /* FileRename.h */ = {isa = PBXFileReference; fileEncoding = 4; lastKnownFileType = sourcecode.c.h; path = FileRename.h; sourceTree = "<group>"; };
		913B69AF14CF5C0C00B6BA58 /* FileRename.m */ = {isa = PBXFileReference; fileEncoding = 4; lastKnownFileType = sourcecode.c.objc; path = FileRename.m; sourceTree = "<group>"; };
		91668C3E14D0BAD2008CF204 /* AppController.h */ = {isa = PBXFileReference; fileEncoding = 4; lastKnownFileType = sourcecode.c.h; path = AppController.h; sourceTree = "<group>"; };
		91668C3F14D0BAD2008CF204 /* AppController.m */ = {isa = PBXFileReference; fileEncoding = 4; lastKnownFileType = sourcecode.c.objc; path = AppController.m; sourceTree = "<group>"; };
		91A6C0DD14DDE5C90026817D /* README.md */ = {isa = PBXFileReference; fileEncoding = 4; lastKnownFileType = text; path = README.md; sourceTree = SOURCE_ROOT; };
		91CE7A5D14CDF61F00EF6661 /* iRename.app */ = {isa = PBXFileReference; explicitFileType = wrapper.application; includeInIndex = 0; path = iRename.app; sourceTree = BUILT_PRODUCTS_DIR; };
		91CE7A6114CDF61F00EF6661 /* Cocoa.framework */ = {isa = PBXFileReference; lastKnownFileType = wrapper.framework; name = Cocoa.framework; path = System/Library/Frameworks/Cocoa.framework; sourceTree = SDKROOT; };
		91CE7A6414CDF61F00EF6661 /* AppKit.framework */ = {isa = PBXFileReference; lastKnownFileType = wrapper.framework; name = AppKit.framework; path = System/Library/Frameworks/AppKit.framework; sourceTree = SDKROOT; };
		91CE7A6514CDF61F00EF6661 /* CoreData.framework */ = {isa = PBXFileReference; lastKnownFileType = wrapper.framework; name = CoreData.framework; path = System/Library/Frameworks/CoreData.framework; sourceTree = SDKROOT; };
		91CE7A6614CDF61F00EF6661 /* Foundation.framework */ = {isa = PBXFileReference; lastKnownFileType = wrapper.framework; name = Foundation.framework; path = System/Library/Frameworks/Foundation.framework; sourceTree = SDKROOT; };
		91CE7A6914CDF61F00EF6661 /* iRename-Info.plist */ = {isa = PBXFileReference; lastKnownFileType = text.plist.xml; path = "iRename-Info.plist"; sourceTree = "<group>"; };
		91CE7A6B14CDF61F00EF6661 /* en */ = {isa = PBXFileReference; lastKnownFileType = text.plist.strings; name = en; path = en.lproj/InfoPlist.strings; sourceTree = "<group>"; };
		91CE7A6D14CDF61F00EF6661 /* main.m */ = {isa = PBXFileReference; lastKnownFileType = sourcecode.c.objc; path = main.m; sourceTree = "<group>"; };
		91CE7A6F14CDF61F00EF6661 /* iRename-Prefix.pch */ = {isa = PBXFileReference; lastKnownFileType = sourcecode.c.h; path = "iRename-Prefix.pch"; sourceTree = "<group>"; };
		91CE7A7314CDF62000EF6661 /* iRenameAppDelegate.h */ = {isa = PBXFileReference; lastKnownFileType = sourcecode.c.h; path = iRenameAppDelegate.h; sourceTree = "<group>"; };
		91CE7A7414CDF62000EF6661 /* iRenameAppDelegate.m */ = {isa = PBXFileReference; lastKnownFileType = sourcecode.c.objc; path = iRenameAppDelegate.m; sourceTree = "<group>"; };
		91CE7A7714CDF62000EF6661 /* en */ = {isa = PBXFileReference; lastKnownFileType = file.xib; name = en; path = en.lproj/MainMenu.xib; sourceTree = "<group>"; };
		91D8BA4514D8A0D20073F6BF /* LICENSE.txt */ = {isa = PBXFileReference; fileEncoding = 4; lastKnownFileType = text; path = LICENSE.txt; sourceTree = "<group>"; };
		91D8BA4A14D9EF140073F6BF /* iRename.icns */ = {isa = PBXFileReference; lastKnownFileType = image.icns; path = iRename.icns; sourceTree = "<group>"; };
		91DEC0D614D466FB00C845D3 /* RenameViewController.h */ = {isa = PBXFileReference; fileEncoding = 4; lastKnownFileType = sourcecode.c.h; path = RenameViewController.h; sourceTree = "<group>"; };
		91DEC0D714D466FB00C845D3 /* RenameViewController.m */ = {isa = PBXFileReference; fileEncoding = 4; lastKnownFileType = sourcecode.c.objc; path = RenameViewController.m; sourceTree = "<group>"; };
		91DEC0D814D466FB00C845D3 /* RenameViewController.xib */ = {isa = PBXFileReference; fileEncoding = 4; lastKnownFileType = file.xib; path = RenameViewController.xib; sourceTree = "<group>"; };
		91DEC0DC14D46ABC00C845D3 /* Replace.h */ = {isa = PBXFileReference; fileEncoding = 4; lastKnownFileType = sourcecode.c.h; path = Replace.h; sourceTree = "<group>"; };
		91DEC0DD14D46ABC00C845D3 /* Replace.m */ = {isa = PBXFileReference; fileEncoding = 4; lastKnownFileType = sourcecode.c.objc; path = Replace.m; sourceTree = "<group>"; };
		91DEC0DF14D46B2700C845D3 /* Replace.xib */ = {isa = PBXFileReference; fileEncoding = 4; lastKnownFileType = file.xib; path = Replace.xib; sourceTree = "<group>"; };
/* End PBXFileReference section */

/* Begin PBXFrameworksBuildPhase section */
		91CE7A5A14CDF61F00EF6661 /* Frameworks */ = {
			isa = PBXFrameworksBuildPhase;
			buildActionMask = 2147483647;
			files = (
				913007D514D5741E0096658F /* Foundation.framework in Frameworks */,
				91CE7A6214CDF61F00EF6661 /* Cocoa.framework in Frameworks */,
			);
			runOnlyForDeploymentPostprocessing = 0;
		};
/* End PBXFrameworksBuildPhase section */

/* Begin PBXGroup section */
		913007CA14D496E90096658F /* Helpers */ = {
			isa = PBXGroup;
			children = (
				913007CC14D497030096658F /* ErrorAggregator.h */,
				913007CD14D497030096658F /* ErrorAggregator.m */,
			);
			name = Helpers;
			sourceTree = "<group>";
		};
		913007CF14D5730E0096658F /* RegexReplace */ = {
			isa = PBXGroup;
			children = (
				913007D014D5734D0096658F /* RegexReplace.h */,
				913007D114D5734D0096658F /* RegexReplace.m */,
				913007D314D5735C0096658F /* RegexReplace.xib */,
			);
			name = RegexReplace;
			sourceTree = "<group>";
		};
		91CE7A5214CDF61F00EF6661 = {
			isa = PBXGroup;
			children = (
				91CE7A6714CDF61F00EF6661 /* iRename */,
				91CE7A6014CDF61F00EF6661 /* Frameworks */,
				91CE7A5E14CDF61F00EF6661 /* Products */,
			);
			sourceTree = "<group>";
		};
		91CE7A5E14CDF61F00EF6661 /* Products */ = {
			isa = PBXGroup;
			children = (
				91CE7A5D14CDF61F00EF6661 /* iRename.app */,
			);
			name = Products;
			sourceTree = "<group>";
		};
		91CE7A6014CDF61F00EF6661 /* Frameworks */ = {
			isa = PBXGroup;
			children = (
				91CE7A6114CDF61F00EF6661 /* Cocoa.framework */,
				91CE7A6314CDF61F00EF6661 /* Other Frameworks */,
			);
			name = Frameworks;
			sourceTree = "<group>";
		};
		91CE7A6314CDF61F00EF6661 /* Other Frameworks */ = {
			isa = PBXGroup;
			children = (
				91CE7A6414CDF61F00EF6661 /* AppKit.framework */,
				91CE7A6514CDF61F00EF6661 /* CoreData.framework */,
				91CE7A6614CDF61F00EF6661 /* Foundation.framework */,
			);
			name = "Other Frameworks";
			sourceTree = "<group>";
		};
		91CE7A6714CDF61F00EF6661 /* iRename */ = {
			isa = PBXGroup;
			children = (
				913007CA14D496E90096658F /* Helpers */,
				91DEC0D514D466CA00C845D3 /* Rename */,
				913B69AE14CF5C0C00B6BA58 /* FileRename.h */,
				913B69AF14CF5C0C00B6BA58 /* FileRename.m */,
				91DEC0D314D4668D00C845D3 /* MainApp */,
				91CE7A6814CDF61F00EF6661 /* Supporting Files */,
			);
			path = iRename;
			sourceTree = "<group>";
		};
		91CE7A6814CDF61F00EF6661 /* Supporting Files */ = {
			isa = PBXGroup;
			children = (
				91D8BA4A14D9EF140073F6BF /* iRename.icns */,
				91CE7A6914CDF61F00EF6661 /* iRename-Info.plist */,
				91CE7A6A14CDF61F00EF6661 /* InfoPlist.strings */,
				91CE7A6D14CDF61F00EF6661 /* main.m */,
				91CE7A6F14CDF61F00EF6661 /* iRename-Prefix.pch */,
				91D8BA4514D8A0D20073F6BF /* LICENSE.txt */,
				91A6C0DD14DDE5C90026817D /* README.md */,
			);
			name = "Supporting Files";
			sourceTree = "<group>";
		};
		91DEC0D314D4668D00C845D3 /* MainApp */ = {
			isa = PBXGroup;
			children = (
				91CE7A7314CDF62000EF6661 /* iRenameAppDelegate.h */,
				91668C3E14D0BAD2008CF204 /* AppController.h */,
				91668C3F14D0BAD2008CF204 /* AppController.m */,
				91CE7A7414CDF62000EF6661 /* iRenameAppDelegate.m */,
				91CE7A7614CDF62000EF6661 /* MainMenu.xib */,
			);
			name = MainApp;
			sourceTree = "<group>";
		};
		91DEC0D514D466CA00C845D3 /* Rename */ = {
			isa = PBXGroup;
			children = (
				913007CF14D5730E0096658F /* RegexReplace */,
				91DEC0DB14D4674100C845D3 /* Replace */,
				91DEC0D614D466FB00C845D3 /* RenameViewController.h */,
				91DEC0D714D466FB00C845D3 /* RenameViewController.m */,
				91DEC0D814D466FB00C845D3 /* RenameViewController.xib */,
			);
			name = Rename;
			sourceTree = "<group>";
		};
		91DEC0DB14D4674100C845D3 /* Replace */ = {
			isa = PBXGroup;
			children = (
				91DEC0DC14D46ABC00C845D3 /* Replace.h */,
				91DEC0DD14D46ABC00C845D3 /* Replace.m */,
				91DEC0DF14D46B2700C845D3 /* Replace.xib */,
			);
			name = Replace;
			sourceTree = "<group>";
		};
/* End PBXGroup section */

/* Begin PBXNativeTarget section */
		91CE7A5C14CDF61F00EF6661 /* iRename */ = {
			isa = PBXNativeTarget;
			buildConfigurationList = 91CE7A7B14CDF62000EF6661 /* Build configuration list for PBXNativeTarget "iRename" */;
			buildPhases = (
				91CE7A5914CDF61F00EF6661 /* Sources */,
				91CE7A5A14CDF61F00EF6661 /* Frameworks */,
				91CE7A5B14CDF61F00EF6661 /* Resources */,
			);
			buildRules = (
			);
			dependencies = (
			);
			name = iRename;
			productName = iRename;
			productReference = 91CE7A5D14CDF61F00EF6661 /* iRename.app */;
			productType = "com.apple.product-type.application";
		};
/* End PBXNativeTarget section */

/* Begin PBXProject section */
		91CE7A5414CDF61F00EF6661 /* Project object */ = {
			isa = PBXProject;
			attributes = {
				LastUpgradeCheck = 0420;
			};
			buildConfigurationList = 91CE7A5714CDF61F00EF6661 /* Build configuration list for PBXProject "iRename" */;
			compatibilityVersion = "Xcode 3.2";
			developmentRegion = English;
			hasScannedForEncodings = 0;
			knownRegions = (
				en,
			);
			mainGroup = 91CE7A5214CDF61F00EF6661;
			productRefGroup = 91CE7A5E14CDF61F00EF6661 /* Products */;
			projectDirPath = "";
			projectRoot = "";
			targets = (
				91CE7A5C14CDF61F00EF6661 /* iRename */,
			);
		};
/* End PBXProject section */

/* Begin PBXResourcesBuildPhase section */
		91CE7A5B14CDF61F00EF6661 /* Resources */ = {
			isa = PBXResourcesBuildPhase;
			buildActionMask = 2147483647;
			files = (
				91CE7A6C14CDF61F00EF6661 /* InfoPlist.strings in Resources */,
				91CE7A7814CDF62000EF6661 /* MainMenu.xib in Resources */,
				91DEC0DA14D466FB00C845D3 /* RenameViewController.xib in Resources */,
				91DEC0E014D46B2700C845D3 /* Replace.xib in Resources */,
				913007D414D5735C0096658F /* RegexReplace.xib in Resources */,
				91D8BA4614D8A0D20073F6BF /* LICENSE.txt in Resources */,
				91D8BA4B14D9EF140073F6BF /* iRename.icns in Resources */,
				91A6C0DE14DDE5C90026817D /* README.md in Resources */,
			);
			runOnlyForDeploymentPostprocessing = 0;
		};
/* End PBXResourcesBuildPhase section */

/* Begin PBXSourcesBuildPhase section */
		91CE7A5914CDF61F00EF6661 /* Sources */ = {
			isa = PBXSourcesBuildPhase;
			buildActionMask = 2147483647;
			files = (
				91CE7A6E14CDF61F00EF6661 /* main.m in Sources */,
				91CE7A7514CDF62000EF6661 /* iRenameAppDelegate.m in Sources */,
				913B69B014CF5C0C00B6BA58 /* FileRename.m in Sources */,
				91668C4014D0BAD2008CF204 /* AppController.m in Sources */,
				91DEC0D914D466FB00C845D3 /* RenameViewController.m in Sources */,
				91DEC0DE14D46ABC00C845D3 /* Replace.m in Sources */,
				913007CE14D497030096658F /* ErrorAggregator.m in Sources */,
				913007D214D5734D0096658F /* RegexReplace.m in Sources */,
			);
			runOnlyForDeploymentPostprocessing = 0;
		};
/* End PBXSourcesBuildPhase section */

/* Begin PBXVariantGroup section */
		91CE7A6A14CDF61F00EF6661 /* InfoPlist.strings */ = {
			isa = PBXVariantGroup;
			children = (
				91CE7A6B14CDF61F00EF6661 /* en */,
			);
			name = InfoPlist.strings;
			sourceTree = "<group>";
		};
		91CE7A7614CDF62000EF6661 /* MainMenu.xib */ = {
			isa = PBXVariantGroup;
			children = (
				91CE7A7714CDF62000EF6661 /* en */,
			);
			name = MainMenu.xib;
			sourceTree = "<group>";
		};
/* End PBXVariantGroup section */

/* Begin XCBuildConfiguration section */
		91CE7A7914CDF62000EF6661 /* Debug */ = {
			isa = XCBuildConfiguration;
			buildSettings = {
				ALWAYS_SEARCH_USER_PATHS = NO;
				ARCHS = "$(ARCHS_STANDARD_64_BIT)";
				CLANG_ENABLE_OBJC_ARC = YES;
				COPY_PHASE_STRIP = NO;
				GCC_C_LANGUAGE_STANDARD = gnu99;
				GCC_DYNAMIC_NO_PIC = NO;
				GCC_ENABLE_OBJC_EXCEPTIONS = YES;
				GCC_OPTIMIZATION_LEVEL = 0;
				GCC_PREPROCESSOR_DEFINITIONS = (
					"DEBUG=1",
					"$(inherited)",
				);
				GCC_SYMBOLS_PRIVATE_EXTERN = NO;
				GCC_VERSION = com.apple.compilers.llvm.clang.1_0;
				GCC_WARN_64_TO_32_BIT_CONVERSION = YES;
				GCC_WARN_ABOUT_MISSING_PROTOTYPES = YES;
				GCC_WARN_ABOUT_RETURN_TYPE = YES;
				GCC_WARN_UNUSED_VARIABLE = YES;
				MACOSX_DEPLOYMENT_TARGET = 10.7;
				ONLY_ACTIVE_ARCH = YES;
				SDKROOT = macosx;
			};
			name = Debug;
		};
		91CE7A7A14CDF62000EF6661 /* Release */ = {
			isa = XCBuildConfiguration;
			buildSettings = {
				ALWAYS_SEARCH_USER_PATHS = NO;
				ARCHS = "$(ARCHS_STANDARD_64_BIT)";
				CLANG_ENABLE_OBJC_ARC = YES;
				COPY_PHASE_STRIP = YES;
				DEBUG_INFORMATION_FORMAT = "dwarf-with-dsym";
				GCC_C_LANGUAGE_STANDARD = gnu99;
				GCC_ENABLE_OBJC_EXCEPTIONS = YES;
				GCC_VERSION = com.apple.compilers.llvm.clang.1_0;
				GCC_WARN_64_TO_32_BIT_CONVERSION = YES;
				GCC_WARN_ABOUT_MISSING_PROTOTYPES = YES;
				GCC_WARN_ABOUT_RETURN_TYPE = YES;
				GCC_WARN_UNUSED_VARIABLE = YES;
				MACOSX_DEPLOYMENT_TARGET = 10.7;
				SDKROOT = macosx;
			};
			name = Release;
		};
		91CE7A7C14CDF62000EF6661 /* Debug */ = {
			isa = XCBuildConfiguration;
			buildSettings = {
				GCC_PRECOMPILE_PREFIX_HEADER = YES;
				GCC_PREFIX_HEADER = "iRename/iRename-Prefix.pch";
				INFOPLIST_FILE = "iRename/iRename-Info.plist";
				MACOSX_DEPLOYMENT_TARGET = 10.7;
				PRODUCT_NAME = "$(TARGET_NAME)";
				WRAPPER_EXTENSION = app;
			};
			name = Debug;
		};
		91CE7A7D14CDF62000EF6661 /* Release */ = {
			isa = XCBuildConfiguration;
			buildSettings = {
				GCC_PRECOMPILE_PREFIX_HEADER = YES;
				GCC_PREFIX_HEADER = "iRename/iRename-Prefix.pch";
				INFOPLIST_FILE = "iRename/iRename-Info.plist";
				MACOSX_DEPLOYMENT_TARGET = 10.7;
				PRODUCT_NAME = "$(TARGET_NAME)";
				WRAPPER_EXTENSION = app;
			};
			name = Release;
		};
/* End XCBuildConfiguration section */

/* Begin XCConfigurationList section */
		91CE7A5714CDF61F00EF6661 /* Build configuration list for PBXProject "iRename" */ = {
			isa = XCConfigurationList;
			buildConfigurations = (
				91CE7A7914CDF62000EF6661 /* Debug */,
				91CE7A7A14CDF62000EF6661 /* Release */,
			);
			defaultConfigurationIsVisible = 0;
			defaultConfigurationName = Release;
		};
		91CE7A7B14CDF62000EF6661 /* Build configuration list for PBXNativeTarget "iRename" */ = {
			isa = XCConfigurationList;
			buildConfigurations = (
				91CE7A7C14CDF62000EF6661 /* Debug */,
				91CE7A7D14CDF62000EF6661 /* Release */,
			);
			defaultConfigurationIsVisible = 0;
			defaultConfigurationName = Release;
		};
/* End XCConfigurationList section */
	};
	rootObject = 91CE7A5414CDF61F00EF6661 /* Project object */;
}
